
Microsoft Visual Studio Solution File, Format Version 12.00
# Visual Studio Version 17
VisualStudioVersion = 17.3.32819.101
MinimumVisualStudioVersion = 10.0.40219.1
Project("{FAE04EC0-301F-11D3-BF4B-00C04F79EFBC}") = "MiniProjetBibliotheque", "MiniProjetBibliotheque\MiniProjetBibliotheque.csproj", "{DCEE3111-3E58-4792-BF72-5BDBD5DDB260}"
EndProject
Global
	GlobalSection(SolutionConfigurationPlatforms) = preSolution
		Debug|Any CPU = Debug|Any CPU
		Release|Any CPU = Release|Any CPU
	EndGlobalSection
	GlobalSection(ProjectConfigurationPlatforms) = postSolution
		{DCEE3111-3E58-4792-BF72-5BDBD5DDB260}.Debug|Any CPU.ActiveCfg = Debug|Any CPU
		{DCEE3111-3E58-4792-BF72-5BDBD5DDB260}.Debug|Any CPU.Build.0 = Debug|Any CPU
		{DCEE3111-3E58-4792-BF72-5BDBD5DDB260}.Release|Any CPU.ActiveCfg = Release|Any CPU
		{DCEE3111-3E58-4792-BF72-5BDBD5DDB260}.Release|Any CPU.Build.0 = Release|Any CPU
	EndGlobalSection
	GlobalSection(SolutionProperties) = preSolution
		HideSolutionNode = FALSE
	EndGlobalSection
	GlobalSection(ExtensibilityGlobals) = postSolution
		SolutionGuid = {FE0DBFCE-F74E-44E5-BBAF-242FFA13DAD2}
	EndGlobalSection
EndGlobal
